
Microsoft Visual Studio Solution File, Format Version 12.00
# Visual Studio Version 16
VisualStudioVersion = 16.0.29215.179
MinimumVisualStudioVersion = 10.0.40219.1
Project("{FAE04EC0-301F-11D3-BF4B-00C04F79EFBC}") = "protean", "protean.csproj", "{2D02ED53-B905-4562-AFE9-BEA81C77E088}"
EndProject
Project("{FAE04EC0-301F-11D3-BF4B-00C04F79EFBC}") = "MyUtils", "..\MyUtils\MyUtils\MyUtils.csproj", "{76A0DCB3-067C-4927-B38B-D0A3BC5F766D}"
EndProject
Global
	GlobalSection(SolutionConfigurationPlatforms) = preSolution
		Debug|Any CPU = Debug|Any CPU
		Release|Any CPU = Release|Any CPU
	EndGlobalSection
	GlobalSection(ProjectConfigurationPlatforms) = postSolution
		{2D02ED53-B905-4562-AFE9-BEA81C77E088}.Debug|Any CPU.ActiveCfg = Debug|Any CPU
		{2D02ED53-B905-4562-AFE9-BEA81C77E088}.Debug|Any CPU.Build.0 = Debug|Any CPU
		{2D02ED53-B905-4562-AFE9-BEA81C77E088}.Release|Any CPU.ActiveCfg = Release|Any CPU
		{2D02ED53-B905-4562-AFE9-BEA81C77E088}.Release|Any CPU.Build.0 = Release|Any CPU
		{76A0DCB3-067C-4927-B38B-D0A3BC5F766D}.Debug|Any CPU.ActiveCfg = Debug|Any CPU
		{76A0DCB3-067C-4927-B38B-D0A3BC5F766D}.Debug|Any CPU.Build.0 = Debug|Any CPU
		{76A0DCB3-067C-4927-B38B-D0A3BC5F766D}.Release|Any CPU.ActiveCfg = Release|Any CPU
		{76A0DCB3-067C-4927-B38B-D0A3BC5F766D}.Release|Any CPU.Build.0 = Release|Any CPU
	EndGlobalSection
	GlobalSection(SolutionProperties) = preSolution
		HideSolutionNode = FALSE
	EndGlobalSection
	GlobalSection(ExtensibilityGlobals) = postSolution
		SolutionGuid = {3FC85F33-5CB9-4D1B-ADB2-BA5F38021844}
	EndGlobalSection
EndGlobal
